{
  "name": "@pennsieve-viz/tsviewer",
  "version": "1.4.1",
  "lockfileVersion": 3,
  "requires": true,
  "packages": {
    "": {
      "name": "@pennsieve-viz/tsviewer",
      "version": "1.4.1",
      "license": "MIT",
      "dependencies": {
        "@element-plus/icons-vue": "2.3.1",
        "@pennsieve/timeseries-zarr-reader": "0.4.0",
        "core-js": "^3.8.3",
        "protobufjs": "^7.2.6",
        "ramda": "^0.28.0",
        "tiny-emitter": "2.1.0"
      },
      "devDependencies": {
        "@aws-amplify/auth": "^6.5.4",
        "@vitejs/plugin-vue": "^5.2.4",
        "@vue/compiler-sfc": "^3.2.45",
        "element-plus": "2.10.2",
        "eslint": "^9.26.0",
        "eslint-plugin-vue": "^8.0.3",
        "pinia": "^3.0.3",
        "sass": "^1.88.0",
        "unplugin-auto-import": "19.3.0",
        "unplugin-vue-components": "28.7.0",
        "vite": "^6.2.4",
        "vitest": "^4.1.10",
        "vue": "^3.5.17"
      },
      "peerDependencies": {
        "@aws-amplify/auth": "^6.0.0",
        "element-plus": "^2.3.0",
        "pinia": "^2.0.0 || ^3.0.0",
        "vue": "^3.2.0"
      },
      "peerDependenciesMeta": {
        "@aws-amplify/auth": {
          "optional": true
        }
      }
    },
    "../../node_modules/.pnpm/@aws-amplify+auth@6.17.1_@aws-amplify+core@6.15.0/node_modules/@aws-amplify/auth": {
      "version": "6.17.1",
      "dev": true,
      "license": "Apache-2.0",
      "dependencies": {
        "@aws-crypto/sha256-js": "5.2.0",
        "@smithy/types": "^3.3.0",
        "tslib": "^2.5.0"
      },
      "devDependencies": {
        "@aws-amplify/core": "6.15.0",
        "@aws-amplify/react-native": "1.3.1",
        "@jest/test-sequencer": "^29.7.0"
      },
      "peerDependencies": {
        "@aws-amplify/core": "^6.1.0",
        "@aws-amplify/react-native": "^1.1.10"
      },
      "peerDependenciesMeta": {
        "@aws-amplify/react-native": {
          "optional": true
        }
      }
    },
    "../../node_modules/.pnpm/@element-plus+icons-vue@2.3.1_vue@3.5.26_typescript@5.9.3_/node_modules/@element-plus/icons-vue": {
      "version": "2.3.1",
      "license": "MIT",
      "devDependencies": {
        "@element-plus/icons-svg": "2.3.1",
        "@pnpm/find-workspace-dir": "^6.0.2",
        "@pnpm/find-workspace-packages": "^6.0.9",
        "@pnpm/logger": "^5.0.0",
        "@types/fs-extra": "^11.0.4",
        "@types/node": "^20.10.0",
        "@types/prettier": "^3.0.0",
        "camelcase": "^8.0.0",
        "chalk": "^5.3.0",
        "consola": "^3.2.3",
        "esbuild": "^0.19.8",
        "esbuild-plugin-globals": "^0.2.0",
        "fast-glob": "^3.3.2",
        "fs-extra": "^11.1.1",
        "npm-run-all": "^4.1.5",
        "prettier": "^3.1.0",
        "tsx": "^4.5.0",
        "typescript": "^5.3.2",
        "unplugin-vue": "^4.5.0",
        "vue": "^3.3.9",
        "vue-tsc": "^1.8.22"
      },
      "peerDependencies": {
        "vue": "^3.2.0"
      }
    },
    "../../node_modules/.pnpm/@pennsieve+timeseries-zarr-reader@0.4.0/node_modules/@pennsieve/timeseries-zarr-reader": {
      "version": "0.4.0",
      "license": "Apache-2.0",
      "dependencies": {
        "fili": "^2.0.3",
        "p-limit": "^7.3.1",
        "zarrita": "^0.7.3"
      },
      "devDependencies": {
        "@types/node": "^26.1.2",
        "@vitest/coverage-v8": "^4.1.10",
        "eslint": "^10.7.0",
        "eslint-config-prettier": "^10.1.8",
        "prettier": "^3.9.6",
        "typescript": "^6.0.3",
        "typescript-eslint": "^8.65.0",
        "vitest": "^4.1.10"
      },
      "engines": {
        "node": ">=20"
      }
    },
    "../../node_modules/.pnpm/@vitejs+plugin-vue@5.2.4_vite@6.4.1_@types+node@25.0.3_sass-embedded@1.97.0_sass@1.97.0_terse_6eisbrrlksrr5kdadnffcb5yky/node_modules/@vitejs/plugin-vue": {
      "version": "5.2.4",
      "dev": true,
      "license": "MIT",
      "devDependencies": {
        "@jridgewell/gen-mapping": "^0.3.8",
        "@jridgewell/trace-mapping": "^0.3.25",
        "debug": "^4.4.0",
        "rollup": "^4.40.2",
        "slash": "^5.1.0",
        "source-map-js": "^1.2.1",
        "vite": "^6.3.5",
        "vue": "^3.5.13"
      },
      "engines": {
        "node": "^18.0.0 || >=20.0.0"
      },
      "peerDependencies": {
        "vite": "^5.0.0 || ^6.0.0",
        "vue": "^3.2.25"
      }
    },
    "../../node_modules/.pnpm/@vue+compiler-sfc@3.5.26/node_modules/@vue/compiler-sfc": {
      "version": "3.5.26",
      "dev": true,
      "license": "MIT",
      "dependencies": {
        "@babel/parser": "^7.28.5",
        "@vue/compiler-core": "3.5.26",
        "@vue/compiler-dom": "3.5.26",
        "@vue/compiler-ssr": "3.5.26",
        "@vue/shared": "3.5.26",
        "estree-walker": "^2.0.2",
        "magic-string": "^0.30.21",
        "postcss": "^8.5.6",
        "source-map-js": "^1.2.1"
      },
      "devDependencies": {
        "@babel/types": "^7.28.5",
        "@vue/consolidate": "^1.0.0",
        "hash-sum": "^2.0.0",
        "lru-cache": "10.1.0",
        "merge-source-map": "^1.1.0",
        "minimatch": "~10.1.1",
        "postcss-modules": "^6.0.1",
        "postcss-selector-parser": "^7.1.0",
        "pug": "^3.0.3",
        "sass": "^1.96.0"
      }
    },
    "../../node_modules/.pnpm/core-js@3.47.0/node_modules/core-js": {
      "version": "3.47.0",
      "hasInstallScript": true,
      "license": "MIT",
      "funding": {
        "type": "opencollective",
        "url": "https://opencollective.com/core-js"
      }
    },
    "../../node_modules/.pnpm/element-plus@2.10.2_vue@3.5.26_typescript@5.9.3_/node_modules/element-plus": {
      "version": "2.10.2",
      "dev": true,
      "license": "MIT",
      "dependencies": {
        "@ctrl/tinycolor": "^3.4.1",
        "@element-plus/icons-vue": "^2.3.1",
        "@floating-ui/dom": "^1.0.1",
        "@popperjs/core": "npm:@sxzz/popperjs-es@^2.11.7",
        "@types/lodash": "^4.14.182",
        "@types/lodash-es": "^4.17.6",
        "@vueuse/core": "^9.1.0",
        "async-validator": "^4.2.5",
        "dayjs": "^1.11.13",
        "escape-html": "^1.0.3",
        "lodash": "^4.17.21",
        "lodash-es": "^4.17.21",
        "lodash-unified": "^1.0.2",
        "memoize-one": "^6.0.0",
        "normalize-wheel-es": "^1.2.0"
      },
      "devDependencies": {
        "@types/node": "*",
        "csstype": "^2.6.20",
        "vue": "^3.2.37",
        "vue-router": "^4.0.16"
      },
      "peerDependencies": {
        "vue": "^3.2.0"
      }
    },
    "../../node_modules/.pnpm/eslint-plugin-vue@8.7.1_eslint@9.26.0/node_modules/eslint-plugin-vue": {
      "version": "8.7.1",
      "dev": true,
      "license": "MIT",
      "dependencies": {
        "eslint-utils": "^3.0.0",
        "natural-compare": "^1.4.0",
        "nth-check": "^2.0.1",
        "postcss-selector-parser": "^6.0.9",
        "semver": "^7.3.5",
        "vue-eslint-parser": "^8.0.1"
      },
      "devDependencies": {
        "@types/eslint": "^7.28.1",
        "@types/eslint-visitor-keys": "^1.0.0",
        "@types/natural-compare": "^1.4.0",
        "@types/node": "^13.13.5",
        "@types/semver": "^7.2.0",
        "@typescript-eslint/parser": "^5.5.0",
        "@vuepress/plugin-pwa": "^1.4.1",
        "acorn": "^8.5.0",
        "env-cmd": "^10.1.0",
        "eslint": "^8.0.0",
        "eslint-config-prettier": "^6.11.0",
        "eslint-plugin-eslint-plugin": "^3.5.3",
        "eslint-plugin-import": "^2.20.2",
        "eslint-plugin-jsonc": "^1.4.0",
        "eslint-plugin-node-dependencies": ">=0.5.0 <1.0.0",
        "eslint-plugin-prettier": "^3.1.3",
        "eslint-plugin-vue": "file:.",
        "espree": "^9.0.0",
        "lodash": "^4.17.21",
        "markdownlint-cli": "^0.31.1",
        "mocha": "^7.1.2",
        "nyc": "^15.1.0",
        "prettier": "^2.4.1",
        "typescript": "^4.5.0",
        "vue-eslint-editor": "^1.1.0",
        "vuepress": "^1.8.2"
      },
      "engines": {
        "node": "^12.22.0 || ^14.17.0 || >=16.0.0"
      },
      "peerDependencies": {
        "eslint": "^6.2.0 || ^7.0.0 || ^8.0.0"
      }
    },
    "../../node_modules/.pnpm/eslint@9.26.0/node_modules/eslint": {
      "version": "9.26.0",
      "dev": true,
      "license": "MIT",
      "dependencies": {
        "@eslint-community/eslint-utils": "^4.2.0",
        "@eslint-community/regexpp": "^4.12.1",
        "@eslint/config-array": "^0.20.0",
        "@eslint/config-helpers": "^0.2.1",
        "@eslint/core": "^0.13.0",
        "@eslint/eslintrc": "^3.3.1",
        "@eslint/js": "9.26.0",
        "@eslint/plugin-kit": "^0.2.8",
        "@humanfs/node": "^0.16.6",
        "@humanwhocodes/module-importer": "^1.0.1",
        "@humanwhocodes/retry": "^0.4.2",
        "@modelcontextprotocol/sdk": "^1.8.0",
        "@types/estree": "^1.0.6",
        "@types/json-schema": "^7.0.15",
        "ajv": "^6.12.4",
        "chalk": "^4.0.0",
        "cross-spawn": "^7.0.6",
        "debug": "^4.3.2",
        "escape-string-regexp": "^4.0.0",
        "eslint-scope": "^8.3.0",
        "eslint-visitor-keys": "^4.2.0",
        "espree": "^10.3.0",
        "esquery": "^1.5.0",
        "esutils": "^2.0.2",
        "fast-deep-equal": "^3.1.3",
        "file-entry-cache": "^8.0.0",
        "find-up": "^5.0.0",
        "glob-parent": "^6.0.2",
        "ignore": "^5.2.0",
        "imurmurhash": "^0.1.4",
        "is-glob": "^4.0.0",
        "json-stable-stringify-without-jsonify": "^1.0.1",
        "lodash.merge": "^4.6.2",
        "minimatch": "^3.1.2",
        "natural-compare": "^1.4.0",
        "optionator": "^0.9.3",
        "zod": "^3.24.2"
      },
      "bin": {
        "eslint": "bin/eslint.js"
      },
      "devDependencies": {
        "@arethetypeswrong/cli": "^0.17.0",
        "@babel/core": "^7.4.3",
        "@babel/preset-env": "^7.4.3",
        "@cypress/webpack-preprocessor": "^6.0.2",
        "@eslint/json": "^0.12.0",
        "@trunkio/launcher": "^1.3.4",
        "@types/esquery": "^1.5.4",
        "@types/node": "^22.13.14",
        "@typescript-eslint/parser": "^8.4.0",
        "babel-loader": "^8.0.5",
        "c8": "^7.12.0",
        "chai": "^4.0.1",
        "cheerio": "^0.22.0",
        "common-tags": "^1.8.0",
        "core-js": "^3.1.3",
        "cypress": "^14.1.0",
        "ejs": "^3.0.2",
        "eslint": "file:.",
        "eslint-config-eslint": "file:packages/eslint-config-eslint",
        "eslint-plugin-eslint-plugin": "^6.0.0",
        "eslint-plugin-expect-type": "^0.6.0",
        "eslint-plugin-yml": "^1.14.0",
        "eslint-release": "^3.3.0",
        "eslint-rule-composer": "^0.3.0",
        "eslump": "^3.0.0",
        "esprima": "^4.0.1",
        "fast-glob": "^3.2.11",
        "fs-teardown": "^0.1.3",
        "glob": "^10.0.0",
        "globals": "^15.0.0",
        "got": "^11.8.3",
        "gray-matter": "^4.0.3",
        "jiti": "^2.1.0",
        "knip": "^5.32.0",
        "lint-staged": "^11.0.0",
        "load-perf": "^0.2.0",
        "markdown-it": "^12.2.0",
        "markdown-it-container": "^3.0.0",
        "marked": "^4.0.8",
        "metascraper": "^5.25.7",
        "metascraper-description": "^5.25.7",
        "metascraper-image": "^5.29.3",
        "metascraper-logo": "^5.25.7",
        "metascraper-logo-favicon": "^5.25.7",
        "metascraper-title": "^5.25.7",
        "mocha": "^10.7.3",
        "node-polyfill-webpack-plugin": "^1.0.3",
        "npm-license": "^0.3.3",
        "pirates": "^4.0.5",
        "progress": "^2.0.3",
        "proxyquire": "^2.0.1",
        "recast": "^0.23.0",
        "regenerator-runtime": "^0.14.0",
        "semver": "^7.5.3",
        "shelljs": "^0.9.0",
        "sinon": "^11.0.0",
        "typescript": "^5.3.3",
        "webpack": "^5.23.0",
        "webpack-cli": "^4.5.0",
        "yorkie": "^2.0.0"
      },
      "engines": {
        "node": "^18.18.0 || ^20.9.0 || >=21.1.0"
      },
      "funding": {
        "url": "https://eslint.org/donate"
      },
      "peerDependencies": {
        "jiti": "*"
      },
      "peerDependenciesMeta": {
        "jiti": {
          "optional": true
        }
      }
    },
    "../../node_modules/.pnpm/pinia@3.0.4_typescript@5.9.3_vue@3.5.26_typescript@5.9.3_/node_modules/pinia": {
      "version": "3.0.4",
      "dev": true,
      "license": "MIT",
      "dependencies": {
        "@vue/devtools-api": "^7.7.7"
      },
      "devDependencies": {
        "@microsoft/api-extractor": "7.53.3",
        "@vue/test-utils": "^2.4.6"
      },
      "funding": {
        "url": "https://github.com/sponsors/posva"
      },
      "peerDependencies": {
        "typescript": ">=4.5.0",
        "vue": "^3.5.11"
      },
      "peerDependenciesMeta": {
        "typescript": {
          "optional": true
        }
      }
    },
    "../../node_modules/.pnpm/protobufjs@7.5.4/node_modules/protobufjs": {
      "version": "7.5.4",
      "hasInstallScript": true,
      "license": "BSD-3-Clause",
      "dependencies": {
        "@protobufjs/aspromise": "^1.1.2",
        "@protobufjs/base64": "^1.1.2",
        "@protobufjs/codegen": "^2.0.4",
        "@protobufjs/eventemitter": "^1.1.0",
        "@protobufjs/fetch": "^1.1.0",
        "@protobufjs/float": "^1.0.2",
        "@protobufjs/inquire": "^1.1.0",
        "@protobufjs/path": "^1.1.2",
        "@protobufjs/pool": "^1.1.0",
        "@protobufjs/utf8": "^1.1.0",
        "@types/node": ">=13.7.0",
        "long": "^5.0.0"
      },
      "devDependencies": {
        "benchmark": "^2.1.4",
        "browserify": "^17.0.0",
        "browserify-wrap": "^1.0.2",
        "bundle-collapser": "^1.3.0",
        "chalk": "^4.0.0",
        "escodegen": "^1.13.0",
        "eslint": "^8.15.0",
        "espree": "^9.0.0",
        "estraverse": "^5.1.0",
        "gh-pages": "^4.0.0",
        "git-raw-commits": "^2.0.3",
        "git-semver-tags": "^4.0.0",
        "google-protobuf": "^3.11.3",
        "gulp": "^4.0.2",
        "gulp-header": "^2.0.9",
        "gulp-if": "^3.0.0",
        "gulp-sourcemaps": "^3.0.0",
        "gulp-uglify": "^3.0.2",
        "jaguarjs-jsdoc": "github:dcodeIO/jaguarjs-jsdoc",
        "jsdoc": "^4.0.0",
        "minimist": "^1.2.0",
        "nyc": "^15.0.0",
        "reflect-metadata": "^0.1.13",
        "tape": "^5.0.0",
        "tslint": "^6.0.0",
        "typescript": "^3.7.5",
        "uglify-js": "^3.7.7",
        "vinyl-buffer": "^1.0.1",
        "vinyl-fs": "^3.0.3",
        "vinyl-source-stream": "^2.0.0"
      },
      "engines": {
        "node": ">=12.0.0"
      }
    },
    "../../node_modules/.pnpm/ramda@0.28.0/node_modules/ramda": {
      "version": "0.28.0",
      "license": "MIT",
      "devDependencies": {
        "@babel/cli": "^7.4.4",
        "@babel/core": "^7.4.5",
        "@babel/preset-env": "^7.7.4",
        "@babel/register": "^7.4.4",
        "@babel/types": "^7.4.4",
        "@rollup/plugin-babel": "^5.0.4",
        "babel-plugin-annotate-pure-calls": "^0.4.0",
        "babel-plugin-import-export-rename": "^1.0.1",
        "babelify": "^10.0.0",
        "benchmark": "~1.0.0",
        "browserify": "https://api.github.com/repos/browserify/browserify/tarball/9ff7c55cc67a7ddbc64f8e7270bcd75fcc72ce2f",
        "cli-table": "0.3.x",
        "cross-env": "^5.2.0",
        "dox": "latest",
        "envvar": "^2.0.0",
        "eslint": "^5.16.0",
        "eslint-plugin-import": "^2.21.2",
        "fast-check": "^2.12.0",
        "handlebars": ">=4.1.2",
        "js-yaml": "^3.13.1",
        "mocha": "^6.1.4",
        "nyc": "^15.0.1",
        "rimraf": "^2.6.3",
        "rollup": "^1.32.1",
        "rollup-plugin-uglify": "^6.0.4",
        "sanctuary": "0.7.x",
        "sinon": "^7.3.2",
        "testem": "^2.16.0",
        "xyz": "^3.0.0"
      },
      "funding": {
        "type": "opencollective",
        "url": "https://opencollective.com/ramda"
      }
    },
    "../../node_modules/.pnpm/sass@1.97.0/node_modules/sass": {
      "version": "1.97.0",
      "dev": true,
      "license": "MIT",
      "dependencies": {
        "chokidar": "^4.0.0",
        "immutable": "^5.0.2",
        "source-map-js": ">=0.6.2 <2.0.0"
      },
      "bin": {
        "sass": "sass.js"
      },
      "engines": {
        "node": ">=14.0.0"
      },
      "optionalDependencies": {
        "@parcel/watcher": "^2.4.1"
      }
    },
    "../../node_modules/.pnpm/tiny-emitter@2.1.0/node_modules/tiny-emitter": {
      "version": "2.1.0",
      "license": "MIT",
      "devDependencies": {
        "@tap-format/spec": "0.2.0",
        "browserify": "11.2.0",
        "tape": "4.2.1",
        "testling": "1.7.1",
        "uglify-js": "2.5.0"
      }
    },
    "../../node_modules/.pnpm/unplugin-auto-import@19.3.0_@vueuse+core@10.11.1_vue@3.5.26_typescript@5.9.3__/node_modules/unplugin-auto-import": {
      "version": "19.3.0",
      "dev": true,
      "license": "MIT",
      "dependencies": {
        "local-pkg": "^1.1.1",
        "magic-string": "^0.30.17",
        "picomatch": "^4.0.2",
        "unimport": "^4.2.0",
        "unplugin": "^2.3.4",
        "unplugin-utils": "^0.2.4"
      },
      "devDependencies": {
        "@antfu/eslint-config": "^4.13.2",
        "@antfu/ni": "^24.4.0",
        "@antfu/utils": "^9.2.0",
        "@nuxt/kit": "^3.17.4",
        "@nuxt/schema": "^3.17.4",
        "@svgr/plugin-jsx": "^8.1.0",
        "@types/node": "^22.15.21",
        "@types/picomatch": "^3.0.2",
        "@types/resolve": "^1.20.6",
        "@vueuse/metadata": "^13.2.0",
        "bumpp": "^10.1.1",
        "eslint": "^9.27.0",
        "esno": "^4.8.0",
        "fast-glob": "^3.3.3",
        "publint": "^0.3.12",
        "rollup": "^4.41.1",
        "tsdown": "^0.12.3",
        "typescript": "^5.8.3",
        "vite": "^6.3.5",
        "vitest": "^3.1.4",
        "webpack": "^5.99.9"
      },
      "engines": {
        "node": ">=14"
      },
      "funding": {
        "url": "https://github.com/sponsors/antfu"
      },
      "peerDependencies": {
        "@nuxt/kit": "^3.2.2",
        "@vueuse/core": "*"
      },
      "peerDependenciesMeta": {
        "@nuxt/kit": {
          "optional": true
        },
        "@vueuse/core": {
          "optional": true
        }
      }
    },
    "../../node_modules/.pnpm/unplugin-vue-components@28.7.0_@babel+parser@7.28.5_vue@3.5.26_typescript@5.9.3_/node_modules/unplugin-vue-components": {
      "version": "28.7.0",
      "dev": true,
      "license": "MIT",
      "dependencies": {
        "chokidar": "^3.6.0",
        "debug": "^4.4.1",
        "local-pkg": "^1.1.1",
        "magic-string": "^0.30.17",
        "mlly": "^1.7.4",
        "tinyglobby": "^0.2.14",
        "unplugin": "^2.3.4",
        "unplugin-utils": "^0.2.4"
      },
      "devDependencies": {
        "@antfu/eslint-config": "^4.13.2",
        "@antfu/utils": "^9.2.0",
        "@babel/parser": "^7.27.2",
        "@babel/types": "^7.27.1",
        "@nuxt/kit": "^3.17.4",
        "@nuxt/schema": "^3.17.4",
        "@types/debug": "^4.1.12",
        "@types/minimatch": "^5.1.2",
        "@types/node": "^22.15.21",
        "bumpp": "^10.1.1",
        "compare-versions": "^6.1.1",
        "element-plus": "^2.9.11",
        "eslint": "^9.27.0",
        "eslint-plugin-format": "^1.0.1",
        "esno": "^4.8.0",
        "estree-walker": "^3.0.3",
        "minimatch": "^10.0.1",
        "pathe": "^2.0.3",
        "rollup": "^4.41.1",
        "tsdown": "^0.12.3",
        "typescript": "^5.8.3",
        "vite": "^6.3.5",
        "vitest": "^3.1.4",
        "vue": "3.2.45",
        "vue-tsc": "^2.2.10"
      },
      "engines": {
        "node": ">=14"
      },
      "funding": {
        "url": "https://github.com/sponsors/antfu"
      },
      "peerDependencies": {
        "@babel/parser": "^7.15.8",
        "@nuxt/kit": "^3.2.2",
        "vue": "2 || 3"
      },
      "peerDependenciesMeta": {
        "@babel/parser": {
          "optional": true
        },
        "@nuxt/kit": {
          "optional": true
        }
      }
    },
    "../../node_modules/.pnpm/vite@6.4.1_@types+node@25.0.3_sass-embedded@1.97.0_sass@1.97.0_terser@5.44.1/node_modules/vite": {
      "version": "6.4.1",
      "dev": true,
      "license": "MIT",
      "dependencies": {
        "esbuild": "^0.25.0",
        "fdir": "^6.4.4",
        "picomatch": "^4.0.2",
        "postcss": "^8.5.3",
        "rollup": "^4.34.9",
        "tinyglobby": "^0.2.13"
      },
      "bin": {
        "vite": "bin/vite.js"
      },
      "devDependencies": {
        "@ampproject/remapping": "^2.3.0",
        "@babel/parser": "^7.27.0",
        "@jridgewell/trace-mapping": "^0.3.25",
        "@polka/compression": "^1.0.0-next.25",
        "@rollup/plugin-alias": "^5.1.1",
        "@rollup/plugin-commonjs": "^28.0.3",
        "@rollup/plugin-dynamic-import-vars": "2.1.4",
        "@rollup/plugin-json": "^6.1.0",
        "@rollup/plugin-node-resolve": "16.0.1",
        "@rollup/pluginutils": "^5.1.4",
        "@types/escape-html": "^1.0.4",
        "@types/pnpapi": "^0.0.5",
        "artichokie": "^0.3.1",
        "cac": "^6.7.14",
        "chokidar": "^3.6.0",
        "connect": "^3.7.0",
        "convert-source-map": "^2.0.0",
        "cors": "^2.8.5",
        "cross-spawn": "^7.0.6",
        "debug": "^4.4.0",
        "dep-types": "link:./src/types",
        "dotenv": "^16.5.0",
        "dotenv-expand": "^12.0.2",
        "es-module-lexer": "^1.6.0",
        "escape-html": "^1.0.3",
        "estree-walker": "^3.0.3",
        "etag": "^1.8.1",
        "http-proxy": "^1.18.1",
        "launch-editor-middleware": "^2.10.0",
        "lightningcss": "^1.29.3",
        "magic-string": "^0.30.17",
        "mlly": "^1.7.4",
        "mrmime": "^2.0.1",
        "nanoid": "^5.1.5",
        "open": "^10.1.1",
        "parse5": "^7.2.1",
        "pathe": "^2.0.3",
        "periscopic": "^4.0.2",
        "picocolors": "^1.1.1",
        "postcss-import": "^16.1.0",
        "postcss-load-config": "^6.0.1",
        "postcss-modules": "^6.0.1",
        "resolve.exports": "^2.0.3",
        "rollup-plugin-dts": "^6.2.1",
        "rollup-plugin-esbuild": "^6.2.1",
        "rollup-plugin-license": "^3.6.0",
        "sass": "^1.86.3",
        "sass-embedded": "^1.86.3",
        "sirv": "^3.0.2",
        "source-map-support": "^0.5.21",
        "strip-literal": "^3.0.0",
        "terser": "^5.39.0",
        "tsconfck": "^3.1.5",
        "tslib": "^2.8.1",
        "types": "link:./types",
        "ufo": "^1.6.1",
        "ws": "^8.18.1"
      },
      "engines": {
        "node": "^18.0.0 || ^20.0.0 || >=22.0.0"
      },
      "funding": {
        "url": "https://github.com/vitejs/vite?sponsor=1"
      },
      "optionalDependencies": {
        "fsevents": "~2.3.3"
      },
      "peerDependencies": {
        "@types/node": "^18.0.0 || ^20.0.0 || >=22.0.0",
        "jiti": ">=1.21.0",
        "less": "*",
        "lightningcss": "^1.21.0",
        "sass": "*",
        "sass-embedded": "*",
        "stylus": "*",
        "sugarss": "*",
        "terser": "^5.16.0",
        "tsx": "^4.8.1",
        "yaml": "^2.4.2"
      },
      "peerDependenciesMeta": {
        "@types/node": {
          "optional": true
        },
        "jiti": {
          "optional": true
        },
        "less": {
          "optional": true
        },
        "lightningcss": {
          "optional": true
        },
        "sass": {
          "optional": true
        },
        "sass-embedded": {
          "optional": true
        },
        "stylus": {
          "optional": true
        },
        "sugarss": {
          "optional": true
        },
        "terser": {
          "optional": true
        },
        "tsx": {
          "optional": true
        },
        "yaml": {
          "optional": true
        }
      }
    },
    "../../node_modules/.pnpm/vitest@4.1.10_@types+node@25.0.3_jsdom@11.10.0_vite@6.4.1_@types+node@25.0.3_sass-embedded@1._lmusacdeodmkcet36q4k3rzib4/node_modules/vitest": {
      "version": "4.1.10",
      "dev": true,
      "license": "MIT",
      "dependencies": {
        "@vitest/expect": "4.1.10",
        "@vitest/mocker": "4.1.10",
        "@vitest/pretty-format": "4.1.10",
        "@vitest/runner": "4.1.10",
        "@vitest/snapshot": "4.1.10",
        "@vitest/spy": "4.1.10",
        "@vitest/utils": "4.1.10",
        "es-module-lexer": "^2.0.0",
        "expect-type": "^1.3.0",
        "magic-string": "^0.30.21",
        "obug": "^2.1.1",
        "pathe": "^2.0.3",
        "picomatch": "^4.0.3",
        "std-env": "^4.0.0-rc.1",
        "tinybench": "^2.9.0",
        "tinyexec": "^1.0.2",
        "tinyglobby": "^0.2.15",
        "tinyrainbow": "^3.1.0",
        "vite": "^6.0.0 || ^7.0.0 || ^8.0.0",
        "why-is-node-running": "^2.3.0"
      },
      "bin": {
        "vitest": "vitest.mjs"
      },
      "devDependencies": {
        "@antfu/install-pkg": "^1.1.0",
        "@bomb.sh/tab": "^0.0.14",
        "@edge-runtime/vm": "^5.0.0",
        "@jridgewell/trace-mapping": "0.3.31",
        "@opentelemetry/api": "^1.9.0",
        "@sinonjs/fake-timers": "15.0.0",
        "@types/estree": "^1.0.8",
        "@types/istanbul-lib-coverage": "^2.0.6",
        "@types/istanbul-reports": "^3.0.4",
        "@types/jsdom": "^27.0.0",
        "@types/node": "^24.12.0",
        "@types/picomatch": "^4.0.2",
        "@types/prompts": "^2.4.9",
        "@types/sinonjs__fake-timers": "^15.0.1",
        "acorn": "8.11.3",
        "acorn-walk": "^8.3.5",
        "birpc": "^4.0.0",
        "cac": "^6.7.14",
        "empathic": "^2.0.0",
        "flatted": "^3.4.2",
        "happy-dom": "^20.8.3",
        "jsdom": "^27.4.0",
        "local-pkg": "^1.1.2",
        "mime": "^4.1.0",
        "prompts": "^2.4.2",
        "strip-literal": "^3.1.0",
        "tinyhighlight": "^0.3.2",
        "ws": "^8.19.0"
      },
      "engines": {
        "node": "^20.0.0 || ^22.0.0 || >=24.0.0"
      },
      "funding": {
        "url": "https://opencollective.com/vitest"
      },
      "peerDependencies": {
        "@edge-runtime/vm": "*",
        "@opentelemetry/api": "^1.9.0",
        "@types/node": "^20.0.0 || ^22.0.0 || >=24.0.0",
        "@vitest/browser-playwright": "4.1.10",
        "@vitest/browser-preview": "4.1.10",
        "@vitest/browser-webdriverio": "4.1.10",
        "@vitest/coverage-istanbul": "4.1.10",
        "@vitest/coverage-v8": "4.1.10",
        "@vitest/ui": "4.1.10",
        "happy-dom": "*",
        "jsdom": "*",
        "vite": "^6.0.0 || ^7.0.0 || ^8.0.0"
      },
      "peerDependenciesMeta": {
        "@edge-runtime/vm": {
          "optional": true
        },
        "@opentelemetry/api": {
          "optional": true
        },
        "@types/node": {
          "optional": true
        },
        "@vitest/browser-playwright": {
          "optional": true
        },
        "@vitest/browser-preview": {
          "optional": true
        },
        "@vitest/browser-webdriverio": {
          "optional": true
        },
        "@vitest/coverage-istanbul": {
          "optional": true
        },
        "@vitest/coverage-v8": {
          "optional": true
        },
        "@vitest/ui": {
          "optional": true
        },
        "happy-dom": {
          "optional": true
        },
        "jsdom": {
          "optional": true
        },
        "vite": {
          "optional": false
        }
      }
    },
    "../../node_modules/.pnpm/vue@3.5.26_typescript@5.9.3/node_modules/vue": {
      "version": "3.5.26",
      "dev": true,
      "license": "MIT",
      "dependencies": {
        "@vue/compiler-dom": "3.5.26",
        "@vue/compiler-sfc": "3.5.26",
        "@vue/runtime-dom": "3.5.26",
        "@vue/server-renderer": "3.5.26",
        "@vue/shared": "3.5.26"
      },
      "peerDependencies": {
        "typescript": "*"
      },
      "peerDependenciesMeta": {
        "typescript": {
          "optional": true
        }
      }
    },
    "node_modules/@aws-amplify/auth": {
      "resolved": "../../node_modules/.pnpm/@aws-amplify+auth@6.17.1_@aws-amplify+core@6.15.0/node_modules/@aws-amplify/auth",
      "link": true
    },
    "node_modules/@element-plus/icons-vue": {
      "resolved": "../../node_modules/.pnpm/@element-plus+icons-vue@2.3.1_vue@3.5.26_typescript@5.9.3_/node_modules/@element-plus/icons-vue",
      "link": true
    },
    "node_modules/@pennsieve/timeseries-zarr-reader": {
      "resolved": "../../node_modules/.pnpm/@pennsieve+timeseries-zarr-reader@0.4.0/node_modules/@pennsieve/timeseries-zarr-reader",
      "link": true
    },
    "node_modules/@vitejs/plugin-vue": {
      "resolved": "../../node_modules/.pnpm/@vitejs+plugin-vue@5.2.4_vite@6.4.1_@types+node@25.0.3_sass-embedded@1.97.0_sass@1.97.0_terse_6eisbrrlksrr5kdadnffcb5yky/node_modules/@vitejs/plugin-vue",
      "link": true
    },
    "node_modules/@vue/compiler-sfc": {
      "resolved": "../../node_modules/.pnpm/@vue+compiler-sfc@3.5.26/node_modules/@vue/compiler-sfc",
      "link": true
    },
    "node_modules/core-js": {
      "resolved": "../../node_modules/.pnpm/core-js@3.47.0/node_modules/core-js",
      "link": true
    },
    "node_modules/element-plus": {
      "resolved": "../../node_modules/.pnpm/element-plus@2.10.2_vue@3.5.26_typescript@5.9.3_/node_modules/element-plus",
      "link": true
    },
    "node_modules/eslint": {
      "resolved": "../../node_modules/.pnpm/eslint@9.26.0/node_modules/eslint",
      "link": true
    },
    "node_modules/eslint-plugin-vue": {
      "resolved": "../../node_modules/.pnpm/eslint-plugin-vue@8.7.1_eslint@9.26.0/node_modules/eslint-plugin-vue",
      "link": true
    },
    "node_modules/pinia": {
      "resolved": "../../node_modules/.pnpm/pinia@3.0.4_typescript@5.9.3_vue@3.5.26_typescript@5.9.3_/node_modules/pinia",
      "link": true
    },
    "node_modules/protobufjs": {
      "resolved": "../../node_modules/.pnpm/protobufjs@7.5.4/node_modules/protobufjs",
      "link": true
    },
    "node_modules/ramda": {
      "resolved": "../../node_modules/.pnpm/ramda@0.28.0/node_modules/ramda",
      "link": true
    },
    "node_modules/sass": {
      "resolved": "../../node_modules/.pnpm/sass@1.97.0/node_modules/sass",
      "link": true
    },
    "node_modules/tiny-emitter": {
      "resolved": "../../node_modules/.pnpm/tiny-emitter@2.1.0/node_modules/tiny-emitter",
      "link": true
    },
    "node_modules/unplugin-auto-import": {
      "resolved": "../../node_modules/.pnpm/unplugin-auto-import@19.3.0_@vueuse+core@10.11.1_vue@3.5.26_typescript@5.9.3__/node_modules/unplugin-auto-import",
      "link": true
    },
    "node_modules/unplugin-vue-components": {
      "resolved": "../../node_modules/.pnpm/unplugin-vue-components@28.7.0_@babel+parser@7.28.5_vue@3.5.26_typescript@5.9.3_/node_modules/unplugin-vue-components",
      "link": true
    },
    "node_modules/vite": {
      "resolved": "../../node_modules/.pnpm/vite@6.4.1_@types+node@25.0.3_sass-embedded@1.97.0_sass@1.97.0_terser@5.44.1/node_modules/vite",
      "link": true
    },
    "node_modules/vitest": {
      "resolved": "../../node_modules/.pnpm/vitest@4.1.10_@types+node@25.0.3_jsdom@11.10.0_vite@6.4.1_@types+node@25.0.3_sass-embedded@1._lmusacdeodmkcet36q4k3rzib4/node_modules/vitest",
      "link": true
    },
    "node_modules/vue": {
      "resolved": "../../node_modules/.pnpm/vue@3.5.26_typescript@5.9.3/node_modules/vue",
      "link": true
    }
  }
}
